lockfileVersion: '9.0'

settings:
  autoInstallPeers: true
  excludeLinksFromLockfile: false

importers:

  .:
    devDependencies:
      '@types/node':
        specifier: ^20.19.0
        version: 20.19.39
      '@types/pg':
        specifier: ^8.20.0
        version: 8.20.0
      typescript:
        specifier: ^5.8.3
        version: 5.9.3

  apps/api:
    dependencies:
      '@viji/config':
        specifier: workspace:*
        version: link:../../packages/config
      '@viji/core':
        specifier: workspace:*
        version: link:../../packages/core
      '@viji/db':
        specifier: workspace:*
        version: link:../../packages/db
      '@viji/resources':
        specifier: workspace:*
        version: link:../../packages/resources
      '@viji/shared':
        specifier: workspace:*
        version: link:../../packages/shared
      '@viji/worker':
        specifier: workspace:*
        version: link:../worker

  apps/cli:
    dependencies:
      '@viji/shared':
        specifier: workspace:*
        version: link:../../packages/shared

  apps/dashboard:
    dependencies:
      '@viji/shared':
        specifier: workspace:*
        version: link:../../packages/shared

  apps/llm-proxy:
    dependencies:
      '@viji/ai':
        specifier: workspace:*
        version: link:../../packages/ai
      '@viji/shared':
        specifier: workspace:*
        version: link:../../packages/shared

  apps/storage-guard:
    dependencies:
      '@viji/config':
        specifier: workspace:*
        version: link:../../packages/config
      '@viji/core':
        specifier: workspace:*
        version: link:../../packages/core
      '@viji/schemas':
        specifier: workspace:*
        version: link:../../packages/schemas
      '@viji/shared':
        specifier: workspace:*
        version: link:../../packages/shared

  apps/wa-adapter-wacli:
    dependencies:
      '@viji/config':
        specifier: workspace:*
        version: link:../../packages/config
      '@viji/db':
        specifier: workspace:*
        version: link:../../packages/db
      '@viji/shared':
        specifier: workspace:*
        version: link:../../packages/shared
      '@viji/whatsapp':
        specifier: workspace:*
        version: link:../../packages/whatsapp
      '@viji/worker':
        specifier: workspace:*
        version: link:../worker

  apps/worker:
    dependencies:
      '@viji/ai':
        specifier: workspace:*
        version: link:../../packages/ai
      '@viji/config':
        specifier: workspace:*
        version: link:../../packages/config
      '@viji/core':
        specifier: workspace:*
        version: link:../../packages/core
      '@viji/db':
        specifier: workspace:*
        version: link:../../packages/db
      '@viji/policy':
        specifier: workspace:*
        version: link:../../packages/policy
      '@viji/resources':
        specifier: workspace:*
        version: link:../../packages/resources
      '@viji/shared':
        specifier: workspace:*
        version: link:../../packages/shared
      '@viji/whatsapp':
        specifier: workspace:*
        version: link:../../packages/whatsapp

  packages/ai:
    dependencies:
      '@viji/shared':
        specifier: workspace:*
        version: link:../shared

  packages/config: {}

  packages/core: {}

  packages/db:
    dependencies:
      '@viji/shared':
        specifier: workspace:*
        version: link:../shared
      pg:
        specifier: ^8.13.1
        version: 8.20.0

  packages/policy:
    dependencies:
      '@viji/shared':
        specifier: workspace:*
        version: link:../shared

  packages/resources: {}

  packages/schemas: {}

  packages/shared: {}

  packages/whatsapp:
    dependencies:
      '@viji/shared':
        specifier: workspace:*
        version: link:../shared

packages:

  '@types/node@20.19.39':
    resolution: {integrity: sha512-orrrD74MBUyK8jOAD/r0+lfa1I2MO6I+vAkmAWzMYbCcgrN4lCrmK52gRFQq/JRxfYPfonkr4b0jcY7Olqdqbw==}

  '@types/pg@8.20.0':
    resolution: {integrity: sha512-bEPFOaMAHTEP1EzpvHTbmwR8UsFyHSKsRisLIHVMXnpNefSbGA1bD6CVy+qKjGSqmZqNqBDV2azOBo8TgkcVow==}

  pg-cloudflare@1.3.0:
    resolution: {integrity: sha512-6lswVVSztmHiRtD6I8hw4qP/nDm1EJbKMRhf3HCYaqud7frGysPv7FYJ5noZQdhQtN2xJnimfMtvQq21pdbzyQ==}

  pg-connection-string@2.12.0:
    resolution: {integrity: sha512-U7qg+bpswf3Cs5xLzRqbXbQl85ng0mfSV/J0nnA31MCLgvEaAo7CIhmeyrmJpOr7o+zm0rXK+hNnT5l9RHkCkQ==}

  pg-int8@1.0.1:
    resolution: {integrity: sha512-WCtabS6t3c8SkpDBUlb1kjOs7l66xsGdKpIPZsg4wR+B3+u9UAum2odSsF9tnvxg80h4ZxLWMy4pRjOsFIqQpw==}
    engines: {node: '>=4.0.0'}

  pg-pool@3.13.0:
    resolution: {integrity: sha512-gB+R+Xud1gLFuRD/QgOIgGOBE2KCQPaPwkzBBGC9oG69pHTkhQeIuejVIk3/cnDyX39av2AxomQiyPT13WKHQA==}
    peerDependencies:
      pg: '>=8.0'

  pg-protocol@1.13.0:
    resolution: {integrity: sha512-zzdvXfS6v89r6v7OcFCHfHlyG/wvry1ALxZo4LqgUoy7W9xhBDMaqOuMiF3qEV45VqsN6rdlcehHrfDtlCPc8w==}

  pg-types@2.2.0:
    resolution: {integrity: sha512-qTAAlrEsl8s4OiEQY69wDvcMIdQN6wdz5ojQiOy6YRMuynxenON0O5oCpJI6lshc6scgAY8qvJ2On/p+CXY0GA==}
    engines: {node: '>=4'}

  pg@8.20.0:
    resolution: {integrity: sha512-ldhMxz2r8fl/6QkXnBD3CR9/xg694oT6DZQ2s6c/RI28OjtSOpxnPrUCGOBJ46RCUxcWdx3p6kw/xnDHjKvaRA==}
    engines: {node: '>= 16.0.0'}
    peerDependencies:
      pg-native: '>=3.0.1'
    peerDependenciesMeta:
      pg-native:
        optional: true

  pgpass@1.0.5:
    resolution: {integrity: sha512-FdW9r/jQZhSeohs1Z3sI1yxFQNFvMcnmfuj4WBMUTxOrAyLMaTcE1aAMBiTlbMNaXvBCQuVi0R7hd8udDSP7ug==}

  postgres-array@2.0.0:
    resolution: {integrity: sha512-VpZrUqU5A69eQyW2c5CA1jtLecCsN2U/bD6VilrFDWq5+5UIEVO7nazS3TEcHf1zuPYO/sqGvUvW62g86RXZuA==}
    engines: {node: '>=4'}

  postgres-bytea@1.0.1:
    resolution: {integrity: sha512-5+5HqXnsZPE65IJZSMkZtURARZelel2oXUEO8rH83VS/hxH5vv1uHquPg5wZs8yMAfdv971IU+kcPUczi7NVBQ==}
    engines: {node: '>=0.10.0'}

  postgres-date@1.0.7:
    resolution: {integrity: sha512-suDmjLVQg78nMK2UZ454hAG+OAW+HQPZ6n++TNDUX+L0+uUlLywnoxJKDou51Zm+zTCjrCl0Nq6J9C5hP9vK/Q==}
    engines: {node: '>=0.10.0'}

  postgres-interval@1.2.0:
    resolution: {integrity: sha512-9ZhXKM/rw350N1ovuWHbGxnGh/SNJ4cnxHiM0rxE4VN41wsg8P8zWn9hv/buK00RP4WvlOyr/RBDiptyxVbkZQ==}
    engines: {node: '>=0.10.0'}

  split2@4.2.0:
    resolution: {integrity: sha512-UcjcJOWknrNkF6PLX83qcHM6KHgVKNkV62Y8a5uYDVv9ydGQVwAHMKqHdJje1VTWpljG0WYpCDhrCdAOYH4TWg==}
    engines: {node: '>= 10.x'}

  typescript@5.9.3:
    resolution: {integrity: sha512-jl1vZzPDinLr9eUt3J/t7V6FgNEw9QjvBPdysz9KfQDD41fQrC2Y4vKQdiaUpFT4bXlb1RHhLpp8wtm6M5TgSw==}
    engines: {node: '>=14.17'}
    hasBin: true

  undici-types@6.21.0:
    resolution: {integrity: sha512-iwDZqg0QAGrg9Rav5H4n0M64c3mkR59cJ6wQp+7C4nI0gsmExaedaYLNO44eT4AtBBwjbTiGPMlt2Md0T9H9JQ==}

  xtend@4.0.2:
    resolution: {integrity: sha512-LKYU1iAXJXUgAXn9URjiu+MWhyUXHsvfp7mcuYm9dSUKK0/CjtrUwFAxD82/mCWbtLsGjFIad0wIsod4zrTAEQ==}
    engines: {node: '>=0.4'}

snapshots:

  '@types/node@20.19.39':
    dependencies:
      undici-types: 6.21.0

  '@types/pg@8.20.0':
    dependencies:
      '@types/node': 20.19.39
      pg-protocol: 1.13.0
      pg-types: 2.2.0

  pg-cloudflare@1.3.0:
    optional: true

  pg-connection-string@2.12.0: {}

  pg-int8@1.0.1: {}

  pg-pool@3.13.0(pg@8.20.0):
    dependencies:
      pg: 8.20.0

  pg-protocol@1.13.0: {}

  pg-types@2.2.0:
    dependencies:
      pg-int8: 1.0.1
      postgres-array: 2.0.0
      postgres-bytea: 1.0.1
      postgres-date: 1.0.7
      postgres-interval: 1.2.0

  pg@8.20.0:
    dependencies:
      pg-connection-string: 2.12.0
      pg-pool: 3.13.0(pg@8.20.0)
      pg-protocol: 1.13.0
      pg-types: 2.2.0
      pgpass: 1.0.5
    optionalDependencies:
      pg-cloudflare: 1.3.0

  pgpass@1.0.5:
    dependencies:
      split2: 4.2.0

  postgres-array@2.0.0: {}

  postgres-bytea@1.0.1: {}

  postgres-date@1.0.7: {}

  postgres-interval@1.2.0:
    dependencies:
      xtend: 4.0.2

  split2@4.2.0: {}

  typescript@5.9.3: {}

  undici-types@6.21.0: {}

  xtend@4.0.2: {}
